
Microsoft Visual Studio Solution File, Format Version 12.00
# Visual Studio Version 16
VisualStudioVersion = 16.0.29215.179
MinimumVisualStudioVersion = 10.0.40219.1
Project("{FAE04EC0-301F-11D3-BF4B-00C04F79EFBC}") = "SC.UI", "ShoppingCart\SC.UI.csproj", "{F5CDD44F-8D2A-4DD7-9BE0-2BD0B6AD4E56}"
EndProject
Project("{FAE04EC0-301F-11D3-BF4B-00C04F79EFBC}") = "SC.BL", "SC.BL\SC.BL.csproj", "{B17416E6-DA27-49C4-8A3A-D74547C89BBD}"
EndProject
Global
	GlobalSection(SolutionConfigurationPlatforms) = preSolution
		Debug|Any CPU = Debug|Any CPU
		Release|Any CPU = Release|Any CPU
	EndGlobalSection
	GlobalSection(ProjectConfigurationPlatforms) = postSolution
		{F5CDD44F-8D2A-4DD7-9BE0-2BD0B6AD4E56}.Debug|Any CPU.ActiveCfg = Debug|Any CPU
		{F5CDD44F-8D2A-4DD7-9BE0-2BD0B6AD4E56}.Debug|Any CPU.Build.0 = Debug|Any CPU
		{F5CDD44F-8D2A-4DD7-9BE0-2BD0B6AD4E56}.Release|Any CPU.ActiveCfg = Release|Any CPU
		{F5CDD44F-8D2A-4DD7-9BE0-2BD0B6AD4E56}.Release|Any CPU.Build.0 = Release|Any CPU
		{B17416E6-DA27-49C4-8A3A-D74547C89BBD}.Debug|Any CPU.ActiveCfg = Debug|Any CPU
		{B17416E6-DA27-49C4-8A3A-D74547C89BBD}.Debug|Any CPU.Build.0 = Debug|Any CPU
		{B17416E6-DA27-49C4-8A3A-D74547C89BBD}.Release|Any CPU.ActiveCfg = Release|Any CPU
		{B17416E6-DA27-49C4-8A3A-D74547C89BBD}.Release|Any CPU.Build.0 = Release|Any CPU
	EndGlobalSection
	GlobalSection(SolutionProperties) = preSolution
		HideSolutionNode = FALSE
	EndGlobalSection
	GlobalSection(ExtensibilityGlobals) = postSolution
		SolutionGuid = {55BB127D-CD98-4396-9319-CFF6F20D26C1}
	EndGlobalSection
EndGlobal
